{
    "_meta": {
        "hash": {
            "sha256": "a3ef745b4f8a6f1c07469ff139203ad030724ffc65d5cd1670a17869cf72f41c"
        },
        "pipfile-spec": 6,
        "requires": {
            "python_version": "2.7"
        },
        "sources": [
            {
                "name": "pypi",
                "url": "https://pypi.org/simple",
                "verify_ssl": true
            }
        ]
    },
    "default": {
        "blessings": {
            "hashes": [
                "sha256:98e5854d805f50a5b58ac2333411b0482516a8210f23f43308baeb58d77c157d",
                "sha256:b1fdd7e7a675295630f9ae71527a8ebc10bfefa236b3d6aa4932ee4462c17ba3",
                "sha256:caad5211e7ba5afe04367cdd4cfc68fa886e2e08f6f35e76b7387d2109ccea6e"
            ],
            "version": "==1.7"
        },
        "certifi": {
            "hashes": [
                "sha256:2bbf76fd432960138b3ef6dda3dde0544f27cbf8546c458e60baf371917ba9ee",
                "sha256:50b1e4f8446b06f41be7dd6338db18e0990601dce795c2b1686458aa7e8fa7d8"
            ],
            "version": "==2021.5.30"
        },
        "chardet": {
            "hashes": [
                "sha256:0d6f53a15db4120f2b08c94f11e7d93d2c911ee118b6b30a04ec3ee8310179fa",
                "sha256:f864054d66fd9118f2e67044ac8981a54775ec5b67aed0441892edb553d21da5"
            ],
            "version": "==4.0.0"
        },
        "click": {
            "hashes": [
                "sha256:8a18b4ea89d8820c5d0c7da8a64b2c324b4dabb695804dbfea19b9be9d88c0cc",
                "sha256:e345d143d80bf5ee7534056164e5e112ea5e22716bbb1ce727941f4c8b471b9a"
            ],
            "index": "pypi",
            "version": "==7.1.1"
        },
        "click-config-file": {
            "hashes": [
                "sha256:1d61213ee216168e8433b9c76029f1d51694d7d9ab0f301c1ef1e4f4a65137a9",
                "sha256:3d6918c55b24e59cc002fbf963e2c0b76a766841e560ecba04f5825e123c4694"
            ],
            "index": "pypi",
            "version": "==0.5.0"
        },
        "configobj": {
            "hashes": [
                "sha256:a2f5650770e1c87fb335af19a9b7eb73fc05ccf22144eb68db7d00cd2bcb0902"
            ],
            "version": "==5.0.6"
        },
        "idna": {
            "hashes": [
                "sha256:b307872f855b18632ce0c21c5e45be78c0ea7ae4c15c828c20788b26921eb3f6",
                "sha256:b97d804b1e9b523befed77c48dacec60e6dcb0b5391d57af6a65a312a90648c0"
            ],
            "version": "==2.10"
        },
        "manifestparser": {
            "hashes": [
                "sha256:5dfec3b5f8f3ed19140c63fe7bc71c2af53e857f366e5c23b8dc262194d5fa79",
                "sha256:6e2a0bcf59d18d09c7784d8a6bfdcc2237d0541284975dddf5b5f349f3f2eaa8"
            ],
            "index": "pypi",
            "version": "==2.1.0"
        },
        "mozdevice": {
            "hashes": [
                "sha256:3f19640478fae47c5dfed998da42f86aef39d9ba03222e99d19ff488e2f78184",
                "sha256:e6f7a679ef9a40e6db8e1d47d611b8d9997f03d345953570cbdf34d7cde79b6e"
            ],
            "index": "pypi",
            "version": "==3.1.0"
        },
        "mozfile": {
            "hashes": [
                "sha256:e5dc835582ea150e35ecd57e9d86cb707d3aa3b2505679db7332326dd49fd6b8"
            ],
            "version": "==2.1.0"
        },
        "mozlog": {
            "hashes": [
                "sha256:54b9a1e781ce31fc10079dc8aec509fff7feca83714edeae6c981e279ceb796f"
            ],
            "version": "==7.1.0"
        },
        "mozprofile": {
            "hashes": [
                "sha256:5b93462c16ba7c6cd7010035765627d565c2adc7c58ac8bf82a3b1b2c14f0daa",
                "sha256:9f77840583432bc5605375b760a6c420328f2dc95c3e8950245e4b01d65da67e"
            ],
            "index": "pypi",
            "version": "==2.5.0"
        },
        "mozterm": {
            "hashes": [
                "sha256:b1e91acec188de07c704dbb7b0100a7be5c1e06567b3beb67f6ea11d00a483a4",
                "sha256:f5eafa25c23d391e2a2bb1dd45ee928fc9e3c811977a3856b5a5a0778011053c"
            ],
            "version": "==1.0.0"
        },
        "mozversion": {
            "hashes": [
                "sha256:42f2ce3c23e1835071d1d6f52ebec524d0bfcc036d043cfa854439f6d1dacff0",
                "sha256:fe8e90ba54e8172113400ea10ea984827638ddd7c8329ca74426fc55c6886159"
            ],
            "index": "pypi",
            "version": "==2.3.0"
        },
        "requests": {
            "hashes": [
                "sha256:27973dd4a904a4f13b263a19c866c13b92a39ed1c964655f025f3f8d3d75b804",
                "sha256:c210084e36a42ae6b9219e00e48287def368a26d03a048ddad7bfee44f75871e"
            ],
            "version": "==2.25.1"
        },
        "requests-file": {
            "hashes": [
                "sha256:07d74208d3389d01c38ab89ef403af0cfec63957d53a0081d8eca738d0247d8e",
                "sha256:dfe5dae75c12481f68ba353183c53a65e6044c923e64c24b2209f6c7570ca953"
            ],
            "version": "==1.5.1"
        },
        "selenium": {
            "hashes": [
                "sha256:2d7131d7bc5a5b99a2d9b04aaf2612c411b03b8ca1b1ee8d3de5845a9be2cb3c",
                "sha256:deaf32b60ad91a4611b98d8002757f29e6f2c2d5fcaf202e1c9ad06d6772300d"
            ],
            "index": "pypi",
            "version": "==3.141.0"
        },
        "six": {
            "hashes": [
                "sha256:1e61c37477a1626458e36f7b1d82aa5c9b094fa4802892072e49de9c60c4c926",
                "sha256:8abb2f1d86890a2dfb989f9a77cfcfd3e47c2a354b01111771326f8aa26e0254"
            ],
            "version": "==1.16.0"
        },
        "tldextract": {
            "hashes": [
                "sha256:16b2f7e81d89c2a5a914d25bdbddd3932c31a6b510db886c3ce0764a195c0ee7",
                "sha256:9aa21a1f7827df4209e242ec4fc2293af5940ec730cde46ea80f66ed97bfc808"
            ],
            "index": "pypi",
            "version": "==2.2.2"
        },
        "urllib3": {
            "hashes": [
                "sha256:753a0374df26658f99d826cfe40394a686d05985786d946fbe4165b5148f5a7c",
                "sha256:a7acd0977125325f516bda9735fa7142b909a8d01e8b2e4c8108d0984e6e0098"
            ],
            "index": "pypi",
            "version": "==1.26.5"
        }
    },
    "develop": {}
}
